
Microsoft Visual Studio Solution File, Format Version 12.00
# Visual Studio Version 17
VisualStudioVersion = 17.14.36301.6 d17.14
MinimumVisualStudioVersion = 10.0.40219.1
Project("{FAE04EC0-301F-11D3-BF4B-00C04F79EFBC}") = "WebAPIExample", "WebAPIExample.csproj", "{9BE8CFD7-BD8F-41AB-483D-43939583D9C0}"
EndProject
Project("{FAE04EC0-301F-11D3-BF4B-00C04F79EFBC}") = "AuthLibrary", "..\AuthLibrary\AuthLibrary.csproj", "{8716C155-B420-3FC2-E975-B28201F623CA}"
EndProject
Global
	GlobalSection(SolutionConfigurationPlatforms) = preSolution
		Debug|Any CPU = Debug|Any CPU
		Release|Any CPU = Release|Any CPU
	EndGlobalSection
	GlobalSection(ProjectConfigurationPlatforms) = postSolution
		{9BE8CFD7-BD8F-41AB-483D-43939583D9C0}.Debug|Any CPU.ActiveCfg = Debug|Any CPU
		{9BE8CFD7-BD8F-41AB-483D-43939583D9C0}.Debug|Any CPU.Build.0 = Debug|Any CPU
		{9BE8CFD7-BD8F-41AB-483D-43939583D9C0}.Release|Any CPU.ActiveCfg = Release|Any CPU
		{9BE8CFD7-BD8F-41AB-483D-43939583D9C0}.Release|Any CPU.Build.0 = Release|Any CPU
		{8716C155-B420-3FC2-E975-B28201F623CA}.Debug|Any CPU.ActiveCfg = Debug|Any CPU
		{8716C155-B420-3FC2-E975-B28201F623CA}.Debug|Any CPU.Build.0 = Debug|Any CPU
		{8716C155-B420-3FC2-E975-B28201F623CA}.Release|Any CPU.ActiveCfg = Release|Any CPU
		{8716C155-B420-3FC2-E975-B28201F623CA}.Release|Any CPU.Build.0 = Release|Any CPU
	EndGlobalSection
	GlobalSection(SolutionProperties) = preSolution
		HideSolutionNode = FALSE
	EndGlobalSection
	GlobalSection(ExtensibilityGlobals) = postSolution
		SolutionGuid = {294260E7-7524-404B-ADC3-D513FB6336B4}
	EndGlobalSection
EndGlobal
